
Microsoft Visual Studio Solution File, Format Version 12.00
Project("{FAE04EC0-301F-11D3-BF4B-00C04F79EFBC}") = "LambdaAccessPointExample", "LambdaAccessPointExample\LambdaAccessPointExample.csproj", "{251C981D-FD60-44B6-8A78-EEE1B95AC2B7}"
EndProject
Project("{FAE04EC0-301F-11D3-BF4B-00C04F79EFBC}") = "LambdaAccessPointExample.Tests", "LambdaAccessPointExample.Tests\LambdaAccessPointExample.Tests.csproj", "{C6B3772B-5CFD-449A-87B7-1A68A00435CD}"
EndProject
Global
	GlobalSection(SolutionConfigurationPlatforms) = preSolution
		Debug|Any CPU = Debug|Any CPU
		Release|Any CPU = Release|Any CPU
	EndGlobalSection
	GlobalSection(ProjectConfigurationPlatforms) = postSolution
		{251C981D-FD60-44B6-8A78-EEE1B95AC2B7}.Debug|Any CPU.ActiveCfg = Debug|Any CPU
		{251C981D-FD60-44B6-8A78-EEE1B95AC2B7}.Debug|Any CPU.Build.0 = Debug|Any CPU
		{251C981D-FD60-44B6-8A78-EEE1B95AC2B7}.Release|Any CPU.ActiveCfg = Release|Any CPU
		{251C981D-FD60-44B6-8A78-EEE1B95AC2B7}.Release|Any CPU.Build.0 = Release|Any CPU
		{C6B3772B-5CFD-449A-87B7-1A68A00435CD}.Debug|Any CPU.ActiveCfg = Debug|Any CPU
		{C6B3772B-5CFD-449A-87B7-1A68A00435CD}.Debug|Any CPU.Build.0 = Debug|Any CPU
		{C6B3772B-5CFD-449A-87B7-1A68A00435CD}.Release|Any CPU.ActiveCfg = Release|Any CPU
		{C6B3772B-5CFD-449A-87B7-1A68A00435CD}.Release|Any CPU.Build.0 = Release|Any CPU
	EndGlobalSection
EndGlobal
